
Microsoft Visual Studio Solution File, Format Version 12.00
# Visual Studio Version 17
VisualStudioVersion = 17.3.32922.545
MinimumVisualStudioVersion = 10.0.40219.1
Project("{FAE04EC0-301F-11D3-BF4B-00C04F79EFBC}") = "Users", "Users\Users.csproj", "{D88D9852-249B-45B4-9D4C-701575208BAF}"
EndProject
Project("{FAE04EC0-301F-11D3-BF4B-00C04F79EFBC}") = "Tours", "Tours\Tours.csproj", "{FB022BB4-46A1-4BA2-8DA2-B5D38D6F6B44}"
EndProject
Project("{FAE04EC0-301F-11D3-BF4B-00C04F79EFBC}") = "Analytics", "Analytics\Analytics.csproj", "{F06D04DC-D654-4447-8185-3A62F44D93A3}"
EndProject
Global
	GlobalSection(SolutionConfigurationPlatforms) = preSolution
		Debug|Any CPU = Debug|Any CPU
		Release|Any CPU = Release|Any CPU
	EndGlobalSection
	GlobalSection(ProjectConfigurationPlatforms) = postSolution
		{D88D9852-249B-45B4-9D4C-701575208BAF}.Debug|Any CPU.ActiveCfg = Debug|Any CPU
		{D88D9852-249B-45B4-9D4C-701575208BAF}.Debug|Any CPU.Build.0 = Debug|Any CPU
		{D88D9852-249B-45B4-9D4C-701575208BAF}.Release|Any CPU.ActiveCfg = Release|Any CPU
		{D88D9852-249B-45B4-9D4C-701575208BAF}.Release|Any CPU.Build.0 = Release|Any CPU
		{FB022BB4-46A1-4BA2-8DA2-B5D38D6F6B44}.Debug|Any CPU.ActiveCfg = Debug|Any CPU
		{FB022BB4-46A1-4BA2-8DA2-B5D38D6F6B44}.Debug|Any CPU.Build.0 = Debug|Any CPU
		{FB022BB4-46A1-4BA2-8DA2-B5D38D6F6B44}.Release|Any CPU.ActiveCfg = Release|Any CPU
		{FB022BB4-46A1-4BA2-8DA2-B5D38D6F6B44}.Release|Any CPU.Build.0 = Release|Any CPU
		{F06D04DC-D654-4447-8185-3A62F44D93A3}.Debug|Any CPU.ActiveCfg = Debug|Any CPU
		{F06D04DC-D654-4447-8185-3A62F44D93A3}.Debug|Any CPU.Build.0 = Debug|Any CPU
		{F06D04DC-D654-4447-8185-3A62F44D93A3}.Release|Any CPU.ActiveCfg = Release|Any CPU
		{F06D04DC-D654-4447-8185-3A62F44D93A3}.Release|Any CPU.Build.0 = Release|Any CPU
	EndGlobalSection
	GlobalSection(SolutionProperties) = preSolution
		HideSolutionNode = FALSE
	EndGlobalSection
	GlobalSection(ExtensibilityGlobals) = postSolution
		SolutionGuid = {73F3C04F-7094-402B-BF38-46514B9A34E3}
	EndGlobalSection
EndGlobal
